{
    "_meta": {
        "hash": {
            "sha256": "2507bb523a282397a33ac6195390efd695b916ee28d89e2ba7612b1f5517f7b6"
        },
        "pipfile-spec": 6,
        "requires": {
            "python_version": "3.7"
        },
        "sources": [
            {
                "name": "pypi",
                "url": "https://pypi.org/simple",
                "verify_ssl": true
            }
        ]
    },
    "default": {
        "autoflake": {
            "hashes": [
                "sha256:680cb9dade101ed647488238ccb8b8bfb4369b53d58ba2c8cdf7d5d54e01f95b"
            ],
            "index": "pypi",
            "version": "==1.3.1"
        },
        "jsonref": {
            "hashes": [
                "sha256:b1e82fa0b62e2c2796a13e5401fe51790b248f6d9bf9d7212a3e31a3501b291f",
                "sha256:f3c45b121cf6257eafabdc3a8008763aed1cd7da06dbabc59a9e4d2a5e4e6697"
            ],
            "index": "pypi",
            "version": "==0.2"
        },
        "pyflakes": {
            "hashes": [
                "sha256:17dbeb2e3f4d772725c777fabc446d5634d1038f234e77343108ce445ea69ce0",
                "sha256:d976835886f8c5b31d47970ed689944a0262b5f3afa00a5a7b4dc81e5449f8a2"
            ],
            "version": "==2.1.1"
        },
        "stringcase": {
            "hashes": [
                "sha256:48a06980661908efe8d9d34eab2b6c13aefa2163b3ced26972902e3bdfd87008"
            ],
            "index": "pypi",
            "version": "==1.2.0"
        }
    },
    "develop": {}
}
